
Microsoft Visual Studio Solution File, Format Version 12.00
# Visual Studio Version 17
VisualStudioVersion = 17.4.33110.190
MinimumVisualStudioVersion = 10.0.40219.1
Project("{FAE04EC0-301F-11D3-BF4B-00C04F79EFBC}") = "Presupuesto", "Presupuesto\Presupuesto.csproj", "{BD572DCC-A4BF-42A5-9C3A-DD0D14B941EE}"
EndProject
Global
	GlobalSection(SolutionConfigurationPlatforms) = preSolution
		Debug|Any CPU = Debug|Any CPU
		Release|Any CPU = Release|Any CPU
	EndGlobalSection
	GlobalSection(ProjectConfigurationPlatforms) = postSolution
		{BD572DCC-A4BF-42A5-9C3A-DD0D14B941EE}.Debug|Any CPU.ActiveCfg = Debug|Any CPU
		{BD572DCC-A4BF-42A5-9C3A-DD0D14B941EE}.Debug|Any CPU.Build.0 = Debug|Any CPU
		{BD572DCC-A4BF-42A5-9C3A-DD0D14B941EE}.Release|Any CPU.ActiveCfg = Release|Any CPU
		{BD572DCC-A4BF-42A5-9C3A-DD0D14B941EE}.Release|Any CPU.Build.0 = Release|Any CPU
	EndGlobalSection
	GlobalSection(SolutionProperties) = preSolution
		HideSolutionNode = FALSE
	EndGlobalSection
	GlobalSection(ExtensibilityGlobals) = postSolution
		SolutionGuid = {96B57486-E527-4E5F-9010-A2D910D23FB7}
	EndGlobalSection
EndGlobal
